
Microsoft Visual Studio Solution File, Format Version 12.00
# Visual Studio Version 16
VisualStudioVersion = 16.0.29806.167
MinimumVisualStudioVersion = 10.0.40219.1
Project("{FAE04EC0-301F-11D3-BF4B-00C04F79EFBC}") = "CarShopGUI", "CarShopGUI\CarShopGUI.csproj", "{6A836DB9-A0F3-4FBF-8D54-ADF96EC24D1A}"
EndProject
Project("{FAE04EC0-301F-11D3-BF4B-00C04F79EFBC}") = "CarClassLibrary", "CarClassLibrary\CarClassLibrary\CarClassLibrary.csproj", "{25787336-C0B0-4A80-8073-90BA9D3F9F23}"
EndProject
Global
	GlobalSection(SolutionConfigurationPlatforms) = preSolution
		Debug|Any CPU = Debug|Any CPU
		Release|Any CPU = Release|Any CPU
	EndGlobalSection
	GlobalSection(ProjectConfigurationPlatforms) = postSolution
		{6A836DB9-A0F3-4FBF-8D54-ADF96EC24D1A}.Debug|Any CPU.ActiveCfg = Debug|Any CPU
		{6A836DB9-A0F3-4FBF-8D54-ADF96EC24D1A}.Debug|Any CPU.Build.0 = Debug|Any CPU
		{6A836DB9-A0F3-4FBF-8D54-ADF96EC24D1A}.Release|Any CPU.ActiveCfg = Release|Any CPU
		{6A836DB9-A0F3-4FBF-8D54-ADF96EC24D1A}.Release|Any CPU.Build.0 = Release|Any CPU
		{25787336-C0B0-4A80-8073-90BA9D3F9F23}.Debug|Any CPU.ActiveCfg = Debug|Any CPU
		{25787336-C0B0-4A80-8073-90BA9D3F9F23}.Debug|Any CPU.Build.0 = Debug|Any CPU
		{25787336-C0B0-4A80-8073-90BA9D3F9F23}.Release|Any CPU.ActiveCfg = Release|Any CPU
		{25787336-C0B0-4A80-8073-90BA9D3F9F23}.Release|Any CPU.Build.0 = Release|Any CPU
	EndGlobalSection
	GlobalSection(SolutionProperties) = preSolution
		HideSolutionNode = FALSE
	EndGlobalSection
	GlobalSection(ExtensibilityGlobals) = postSolution
		SolutionGuid = {F45C5D1C-3599-4C8A-BA40-E340ADC59C8F}
	EndGlobalSection
EndGlobal
