
Microsoft Visual Studio Solution File, Format Version 12.00
# Visual Studio Version 16
VisualStudioVersion = 16.0.29806.167
MinimumVisualStudioVersion = 10.0.40219.1
Project("{FAE04EC0-301F-11D3-BF4B-00C04F79EFBC}") = "CarShopConsoleApp", "CarShopConsoleApp\CarShopConsoleApp.csproj", "{1FDACF02-BC01-4469-A823-9D8F7CBE1BB4}"
EndProject
Project("{FAE04EC0-301F-11D3-BF4B-00C04F79EFBC}") = "CarClassLibrary", "..\CarClassLibrary\CarClassLibrary\CarClassLibrary.csproj", "{25787336-C0B0-4A80-8073-90BA9D3F9F23}"
EndProject
Global
	GlobalSection(SolutionConfigurationPlatforms) = preSolution
		Debug|Any CPU = Debug|Any CPU
		Release|Any CPU = Release|Any CPU
	EndGlobalSection
	GlobalSection(ProjectConfigurationPlatforms) = postSolution
		{1FDACF02-BC01-4469-A823-9D8F7CBE1BB4}.Debug|Any CPU.ActiveCfg = Debug|Any CPU
		{1FDACF02-BC01-4469-A823-9D8F7CBE1BB4}.Debug|Any CPU.Build.0 = Debug|Any CPU
		{1FDACF02-BC01-4469-A823-9D8F7CBE1BB4}.Release|Any CPU.ActiveCfg = Release|Any CPU
		{1FDACF02-BC01-4469-A823-9D8F7CBE1BB4}.Release|Any CPU.Build.0 = Release|Any CPU
		{25787336-C0B0-4A80-8073-90BA9D3F9F23}.Debug|Any CPU.ActiveCfg = Debug|Any CPU
		{25787336-C0B0-4A80-8073-90BA9D3F9F23}.Debug|Any CPU.Build.0 = Debug|Any CPU
		{25787336-C0B0-4A80-8073-90BA9D3F9F23}.Release|Any CPU.ActiveCfg = Release|Any CPU
		{25787336-C0B0-4A80-8073-90BA9D3F9F23}.Release|Any CPU.Build.0 = Release|Any CPU
	EndGlobalSection
	GlobalSection(SolutionProperties) = preSolution
		HideSolutionNode = FALSE
	EndGlobalSection
	GlobalSection(ExtensibilityGlobals) = postSolution
		SolutionGuid = {0C6B9F19-FF89-48CB-8586-473AB72D2F56}
	EndGlobalSection
EndGlobal
